
Microsoft Visual Studio Solution File, Format Version 12.00
# Visual Studio Version 16
VisualStudioVersion = 16.0.31025.194
MinimumVisualStudioVersion = 10.0.40219.1
Project("{9A19103F-16F7-4668-BE54-9A1E7A4F7556}") = "WebApplication1", "WebApplication1\WebApplication1.csproj", "{89A3411F-558B-4F74-845A-E93C6DC01A8B}"
EndProject
Global
	GlobalSection(SolutionConfigurationPlatforms) = preSolution
		Debug|Any CPU = Debug|Any CPU
		Release|Any CPU = Release|Any CPU
	EndGlobalSection
	GlobalSection(ProjectConfigurationPlatforms) = postSolution
		{89A3411F-558B-4F74-845A-E93C6DC01A8B}.Debug|Any CPU.ActiveCfg = Debug|Any CPU
		{89A3411F-558B-4F74-845A-E93C6DC01A8B}.Debug|Any CPU.Build.0 = Debug|Any CPU
		{89A3411F-558B-4F74-845A-E93C6DC01A8B}.Release|Any CPU.ActiveCfg = Release|Any CPU
		{89A3411F-558B-4F74-845A-E93C6DC01A8B}.Release|Any CPU.Build.0 = Release|Any CPU
	EndGlobalSection
	GlobalSection(SolutionProperties) = preSolution
		HideSolutionNode = FALSE
	EndGlobalSection
	GlobalSection(ExtensibilityGlobals) = postSolution
		SolutionGuid = {ACD11684-4D58-435B-AE99-8C613FC7AD10}
	EndGlobalSection
EndGlobal
